// !$*UTF8*$!
{
	archiveVersion = 1;
	classes = {
	};
	objectVersion = 48;
	objects = {

/* Begin PBXBuildFile section */
		9016BCD42039E4D10049E271 /* DLRadioButton.m in Sources */ = {isa = PBXBuildFile; fileRef = 9016BCD32039E4D10049E271 /* DLRadioButton.m */; };
		901FB21F2039D3A500E2B4B9 /* CalculatorViewController.swift in Sources */ = {isa = PBXBuildFile; fileRef = 901FB21E2039D3A500E2B4B9 /* CalculatorViewController.swift */; };
		902C0A85203B724700B5DE6B /* ShowCalculatedSalaryViewController.swift in Sources */ = {isa = PBXBuildFile; fileRef = 902C0A84203B724700B5DE6B /* ShowCalculatedSalaryViewController.swift */; };
		903FB1B9204585F000905B93 /* audio.mp3 in Resources */ = {isa = PBXBuildFile; fileRef = 903FB1B8204585F000905B93 /* audio.mp3 */; };
		9059B6BC203C93CE0079EADC /* Formatter+Extensions.swift in Sources */ = {isa = PBXBuildFile; fileRef = 9059B6BB203C93CE0079EADC /* Formatter+Extensions.swift */; };
		9059B6BE203C93FC0079EADC /* Integer+Extensions.swift in Sources */ = {isa = PBXBuildFile; fileRef = 9059B6BD203C93FC0079EADC /* Integer+Extensions.swift */; };
		9059B6C2203C97F20079EADC /* TextfieldLength+Extensions.swift in Sources */ = {isa = PBXBuildFile; fileRef = 9059B6C1203C97F20079EADC /* TextfieldLength+Extensions.swift */; };
		9059B6C4203CA31E0079EADC /* ModifiedNavigationBar.swift in Sources */ = {isa = PBXBuildFile; fileRef = 9059B6C3203CA31E0079EADC /* ModifiedNavigationBar.swift */; };
		90867C3B2053E21A00C4DE39 /* Localizable.strings in Resources */ = {isa = PBXBuildFile; fileRef = 90867C3D2053E21A00C4DE39 /* Localizable.strings */; };
		90D5F14F203C5B4000186F07 /* BounceButton.swift in Sources */ = {isa = PBXBuildFile; fileRef = 90D5F14E203C5B4000186F07 /* BounceButton.swift */; };
		90D5F151203C5E5700186F07 /* DesignableButton.swift in Sources */ = {isa = PBXBuildFile; fileRef = 90D5F150203C5E5700186F07 /* DesignableButton.swift */; };
		90DFEB6C203D9B840008C9DD /* EdgeInsetLabel.swift in Sources */ = {isa = PBXBuildFile; fileRef = 90DFEB6B203D9B830008C9DD /* EdgeInsetLabel.swift */; };
		90F57B962029D0C200BCEB75 /* AppDelegate.swift in Sources */ = {isa = PBXBuildFile; fileRef = 90F57B952029D0C200BCEB75 /* AppDelegate.swift */; };
		90F57B982029D0C200BCEB75 /* ViewController.swift in Sources */ = {isa = PBXBuildFile; fileRef = 90F57B972029D0C200BCEB75 /* ViewController.swift */; };
		90F57B9B2029D0C200BCEB75 /* Main.storyboard in Resources */ = {isa = PBXBuildFile; fileRef = 90F57B992029D0C200BCEB75 /* Main.storyboard */; };
		90F57B9D2029D0C200BCEB75 /* Assets.xcassets in Resources */ = {isa = PBXBuildFile; fileRef = 90F57B9C2029D0C200BCEB75 /* Assets.xcassets */; };
		90F57BA02029D0C200BCEB75 /* LaunchScreen.storyboard in Resources */ = {isa = PBXBuildFile; fileRef = 90F57B9E2029D0C200BCEB75 /* LaunchScreen.storyboard */; };
/* End PBXBuildFile section */

/* Begin PBXFileReference section */
		9016BCD12039E4D00049E271 /* Taxi lön-Bridging-Header.h */ = {isa = PBXFileReference; lastKnownFileType = sourcecode.c.h; path = "Taxi lön-Bridging-Header.h"; sourceTree = "<group>"; };
		9016BCD22039E4D10049E271 /* DLRadioButton.h */ = {isa = PBXFileReference; fileEncoding = 4; lastKnownFileType = sourcecode.c.h; path = DLRadioButton.h; sourceTree = "<group>"; };
		9016BCD32039E4D10049E271 /* DLRadioButton.m */ = {isa = PBXFileReference; fileEncoding = 4; lastKnownFileType = sourcecode.c.objc; path = DLRadioButton.m; sourceTree = "<group>"; };
		901FB21E2039D3A500E2B4B9 /* CalculatorViewController.swift */ = {isa = PBXFileReference; lastKnownFileType = sourcecode.swift; path = CalculatorViewController.swift; sourceTree = "<group>"; };
		902C0A84203B724700B5DE6B /* ShowCalculatedSalaryViewController.swift */ = {isa = PBXFileReference; lastKnownFileType = sourcecode.swift; path = ShowCalculatedSalaryViewController.swift; sourceTree = "<group>"; };
		903FB1B8204585F000905B93 /* audio.mp3 */ = {isa = PBXFileReference; lastKnownFileType = audio.mp3; path = audio.mp3; sourceTree = "<group>"; };
		9059B6BB203C93CE0079EADC /* Formatter+Extensions.swift */ = {isa = PBXFileReference; lastKnownFileType = sourcecode.swift; path = "Formatter+Extensions.swift"; sourceTree = "<group>"; };
		9059B6BD203C93FC0079EADC /* Integer+Extensions.swift */ = {isa = PBXFileReference; lastKnownFileType = sourcecode.swift; path = "Integer+Extensions.swift"; sourceTree = "<group>"; };
		9059B6C1203C97F20079EADC /* TextfieldLength+Extensions.swift */ = {isa = PBXFileReference; lastKnownFileType = sourcecode.swift; path = "TextfieldLength+Extensions.swift"; sourceTree = "<group>"; };
		9059B6C3203CA31E0079EADC /* ModifiedNavigationBar.swift */ = {isa = PBXFileReference; lastKnownFileType = sourcecode.swift; path = ModifiedNavigationBar.swift; sourceTree = "<group>"; };
		90867C3C2053E21A00C4DE39 /* en */ = {isa = PBXFileReference; lastKnownFileType = text.plist.strings; name = en; path = en.lproj/Localizable.strings; sourceTree = "<group>"; };
		90867C3E2053E21D00C4DE39 /* sv */ = {isa = PBXFileReference; lastKnownFileType = text.plist.strings; name = sv; path = sv.lproj/Localizable.strings; sourceTree = "<group>"; };
		90867C3F205425C600C4DE39 /* sv */ = {isa = PBXFileReference; lastKnownFileType = file.storyboard; name = sv; path = sv.lproj/LaunchScreen.storyboard; sourceTree = "<group>"; };
		90B5E9972052EB2300B80887 /* sv */ = {isa = PBXFileReference; lastKnownFileType = text.plist.strings; name = sv; path = sv.lproj/Main.strings; sourceTree = "<group>"; };
		90B5E99A2052EC6C00B80887 /* en */ = {isa = PBXFileReference; lastKnownFileType = file.storyboard; name = en; path = en.lproj/LaunchScreen.storyboard; sourceTree = "<group>"; };
		90B5E99C2052ED6000B80887 /* en */ = {isa = PBXFileReference; lastKnownFileType = file.storyboard; name = en; path = en.lproj/Main.storyboard; sourceTree = "<group>"; };
		90D5F14E203C5B4000186F07 /* BounceButton.swift */ = {isa = PBXFileReference; lastKnownFileType = sourcecode.swift; path = BounceButton.swift; sourceTree = "<group>"; };
		90D5F150203C5E5700186F07 /* DesignableButton.swift */ = {isa = PBXFileReference; lastKnownFileType = sourcecode.swift; path = DesignableButton.swift; sourceTree = "<group>"; };
		90DFEB6B203D9B830008C9DD /* EdgeInsetLabel.swift */ = {isa = PBXFileReference; lastKnownFileType = sourcecode.swift; path = EdgeInsetLabel.swift; sourceTree = "<group>"; };
		90F57B922029D0C200BCEB75 /* Taxi lön.app */ = {isa = PBXFileReference; explicitFileType = wrapper.application; includeInIndex = 0; path = "Taxi lön.app"; sourceTree = BUILT_PRODUCTS_DIR; };
		90F57B952029D0C200BCEB75 /* AppDelegate.swift */ = {isa = PBXFileReference; lastKnownFileType = sourcecode.swift; path = AppDelegate.swift; sourceTree = "<group>"; };
		90F57B972029D0C200BCEB75 /* ViewController.swift */ = {isa = PBXFileReference; lastKnownFileType = sourcecode.swift; path = ViewController.swift; sourceTree = "<group>"; };
		90F57B9A2029D0C200BCEB75 /* Base */ = {isa = PBXFileReference; lastKnownFileType = file.storyboard; name = Base; path = Base.lproj/Main.storyboard; sourceTree = "<group>"; };
		90F57B9C2029D0C200BCEB75 /* Assets.xcassets */ = {isa = PBXFileReference; lastKnownFileType = folder.assetcatalog; path = Assets.xcassets; sourceTree = "<group>"; };
		90F57B9F2029D0C200BCEB75 /* Base */ = {isa = PBXFileReference; lastKnownFileType = file.storyboard; name = Base; path = Base.lproj/LaunchScreen.storyboard; sourceTree = "<group>"; };
		90F57BA12029D0C200BCEB75 /* Info.plist */ = {isa = PBXFileReference; lastKnownFileType = text.plist.xml; path = Info.plist; sourceTree = "<group>"; };
/* End PBXFileReference section */

/* Begin PBXFrameworksBuildPhase section */
		90F57B8F2029D0C200BCEB75 /* Frameworks */ = {
			isa = PBXFrameworksBuildPhase;
			buildActionMask = 2147483647;
			files = (
			);
			runOnlyForDeploymentPostprocessing = 0;
		};
/* End PBXFrameworksBuildPhase section */

/* Begin PBXGroup section */
		9059B6BF203C95F10079EADC /* Extensions */ = {
			isa = PBXGroup;
			children = (
				9059B6BB203C93CE0079EADC /* Formatter+Extensions.swift */,
				9059B6BD203C93FC0079EADC /* Integer+Extensions.swift */,
				9059B6C1203C97F20079EADC /* TextfieldLength+Extensions.swift */,
			);
			path = Extensions;
			sourceTree = "<group>";
		};
		9059B6C0203C970E0079EADC /* ViewControllers */ = {
			isa = PBXGroup;
			children = (
				90F57B972029D0C200BCEB75 /* ViewController.swift */,
				901FB21E2039D3A500E2B4B9 /* CalculatorViewController.swift */,
				902C0A84203B724700B5DE6B /* ShowCalculatedSalaryViewController.swift */,
			);
			path = ViewControllers;
			sourceTree = "<group>";
		};
		90F57B892029D0C200BCEB75 = {
			isa = PBXGroup;
			children = (
				90F57B942029D0C200BCEB75 /* Taxi lön */,
				90F57B932029D0C200BCEB75 /* Products */,
			);
			sourceTree = "<group>";
		};
		90F57B932029D0C200BCEB75 /* Products */ = {
			isa = PBXGroup;
			children = (
				90F57B922029D0C200BCEB75 /* Taxi lön.app */,
			);
			name = Products;
			sourceTree = "<group>";
		};
		90F57B942029D0C200BCEB75 /* Taxi lön */ = {
			isa = PBXGroup;
			children = (
				9059B6C0203C970E0079EADC /* ViewControllers */,
				9059B6BF203C95F10079EADC /* Extensions */,
				90D5F14E203C5B4000186F07 /* BounceButton.swift */,
				90F57B952029D0C200BCEB75 /* AppDelegate.swift */,
				9016BCD22039E4D10049E271 /* DLRadioButton.h */,
				9016BCD32039E4D10049E271 /* DLRadioButton.m */,
				90F57B992029D0C200BCEB75 /* Main.storyboard */,
				90F57B9C2029D0C200BCEB75 /* Assets.xcassets */,
				90F57B9E2029D0C200BCEB75 /* LaunchScreen.storyboard */,
				90F57BA12029D0C200BCEB75 /* Info.plist */,
				9016BCD12039E4D00049E271 /* Taxi lön-Bridging-Header.h */,
				90D5F150203C5E5700186F07 /* DesignableButton.swift */,
				9059B6C3203CA31E0079EADC /* ModifiedNavigationBar.swift */,
				90DFEB6B203D9B830008C9DD /* EdgeInsetLabel.swift */,
				903FB1B8204585F000905B93 /* audio.mp3 */,
				90867C3D2053E21A00C4DE39 /* Localizable.strings */,
			);
			path = "Taxi lön";
			sourceTree = "<group>";
		};
/* End PBXGroup section */

/* Begin PBXNativeTarget section */
		90F57B912029D0C200BCEB75 /* Taxi lön */ = {
			isa = PBXNativeTarget;
			buildConfigurationList = 90F57BA42029D0C200BCEB75 /* Build configuration list for PBXNativeTarget "Taxi lön" */;
			buildPhases = (
				90F57B8E2029D0C200BCEB75 /* Sources */,
				90F57B8F2029D0C200BCEB75 /* Frameworks */,
				90F57B902029D0C200BCEB75 /* Resources */,
			);
			buildRules = (
			);
			dependencies = (
			);
			name = "Taxi lön";
			productName = "Taxi lön";
			productReference = 90F57B922029D0C200BCEB75 /* Taxi lön.app */;
			productType = "com.apple.product-type.application";
		};
/* End PBXNativeTarget section */

/* Begin PBXProject section */
		90F57B8A2029D0C200BCEB75 /* Project object */ = {
			isa = PBXProject;
			attributes = {
				LastSwiftUpdateCheck = 0920;
				LastUpgradeCheck = 0920;
				ORGANIZATIONNAME = "Transportarbetareförbundet";
				TargetAttributes = {
					90F57B912029D0C200BCEB75 = {
						CreatedOnToolsVersion = 9.2;
						LastSwiftMigration = 0920;
						ProvisioningStyle = Manual;
					};
				};
			};
			buildConfigurationList = 90F57B8D2029D0C200BCEB75 /* Build configuration list for PBXProject "Taxi lön" */;
			compatibilityVersion = "Xcode 8.0";
			developmentRegion = en;
			hasScannedForEncodings = 0;
			knownRegions = (
				Base,
				en,
				sv,
			);
			mainGroup = 90F57B892029D0C200BCEB75;
			productRefGroup = 90F57B932029D0C200BCEB75 /* Products */;
			projectDirPath = "";
			projectRoot = "";
			targets = (
				90F57B912029D0C200BCEB75 /* Taxi lön */,
			);
		};
/* End PBXProject section */

/* Begin PBXResourcesBuildPhase section */
		90F57B902029D0C200BCEB75 /* Resources */ = {
			isa = PBXResourcesBuildPhase;
			buildActionMask = 2147483647;
			files = (
				90867C3B2053E21A00C4DE39 /* Localizable.strings in Resources */,
				90F57BA02029D0C200BCEB75 /* LaunchScreen.storyboard in Resources */,
				90F57B9D2029D0C200BCEB75 /* Assets.xcassets in Resources */,
				903FB1B9204585F000905B93 /* audio.mp3 in Resources */,
				90F57B9B2029D0C200BCEB75 /* Main.storyboard in Resources */,
			);
			runOnlyForDeploymentPostprocessing = 0;
		};
/* End PBXResourcesBuildPhase section */

/* Begin PBXSourcesBuildPhase section */
		90F57B8E2029D0C200BCEB75 /* Sources */ = {
			isa = PBXSourcesBuildPhase;
			buildActionMask = 2147483647;
			files = (
				902C0A85203B724700B5DE6B /* ShowCalculatedSalaryViewController.swift in Sources */,
				90F57B982029D0C200BCEB75 /* ViewController.swift in Sources */,
				9059B6C2203C97F20079EADC /* TextfieldLength+Extensions.swift in Sources */,
				90DFEB6C203D9B840008C9DD /* EdgeInsetLabel.swift in Sources */,
				9059B6C4203CA31E0079EADC /* ModifiedNavigationBar.swift in Sources */,
				90D5F151203C5E5700186F07 /* DesignableButton.swift in Sources */,
				9016BCD42039E4D10049E271 /* DLRadioButton.m in Sources */,
				9059B6BC203C93CE0079EADC /* Formatter+Extensions.swift in Sources */,
				901FB21F2039D3A500E2B4B9 /* CalculatorViewController.swift in Sources */,
				90F57B962029D0C200BCEB75 /* AppDelegate.swift in Sources */,
				9059B6BE203C93FC0079EADC /* Integer+Extensions.swift in Sources */,
				90D5F14F203C5B4000186F07 /* BounceButton.swift in Sources */,
			);
			runOnlyForDeploymentPostprocessing = 0;
		};
/* End PBXSourcesBuildPhase section */

/* Begin PBXVariantGroup section */
		90867C3D2053E21A00C4DE39 /* Localizable.strings */ = {
			isa = PBXVariantGroup;
			children = (
				90867C3C2053E21A00C4DE39 /* en */,
				90867C3E2053E21D00C4DE39 /* sv */,
			);
			name = Localizable.strings;
			sourceTree = "<group>";
		};
		90F57B992029D0C200BCEB75 /* Main.storyboard */ = {
			isa = PBXVariantGroup;
			children = (
				90F57B9A2029D0C200BCEB75 /* Base */,
				90B5E9972052EB2300B80887 /* sv */,
				90B5E99C2052ED6000B80887 /* en */,
			);
			name = Main.storyboard;
			sourceTree = "<group>";
		};
		90F57B9E2029D0C200BCEB75 /* LaunchScreen.storyboard */ = {
			isa = PBXVariantGroup;
			children = (
				90F57B9F2029D0C200BCEB75 /* Base */,
				90B5E99A2052EC6C00B80887 /* en */,
				90867C3F205425C600C4DE39 /* sv */,
			);
			name = LaunchScreen.storyboard;
			sourceTree = "<group>";
		};
/* End PBXVariantGroup section */

/* Begin XCBuildConfiguration section */
		90F57BA22029D0C200BCEB75 /* Debug */ = {
			isa = XCBuildConfiguration;
			buildSettings = {
				ALWAYS_SEARCH_USER_PATHS = NO;
				CLANG_ANALYZER_LOCALIZABILITY_NONLOCALIZED = YES;
				CLANG_ANALYZER_NONNULL = YES;
				CLANG_ANALYZER_NUMBER_OBJECT_CONVERSION = YES_AGGRESSIVE;
				CLANG_CXX_LANGUAGE_STANDARD = "gnu++14";
				CLANG_CXX_LIBRARY = "libc++";
				CLANG_ENABLE_MODULES = YES;
				CLANG_ENABLE_OBJC_ARC = YES;
				CLANG_WARN_BLOCK_CAPTURE_AUTORELEASING = YES;
				CLANG_WARN_BOOL_CONVERSION = YES;
				CLANG_WARN_COMMA = YES;
				CLANG_WARN_CONSTANT_CONVERSION = YES;
				CLANG_WARN_DIRECT_OBJC_ISA_USAGE = YES_ERROR;
				CLANG_WARN_DOCUMENTATION_COMMENTS = YES;
				CLANG_WARN_EMPTY_BODY = YES;
				CLANG_WARN_ENUM_CONVERSION = YES;
				CLANG_WARN_INFINITE_RECURSION = YES;
				CLANG_WARN_INT_CONVERSION = YES;
				CLANG_WARN_NON_LITERAL_NULL_CONVERSION = YES;
				CLANG_WARN_OBJC_LITERAL_CONVERSION = YES;
				CLANG_WARN_OBJC_ROOT_CLASS = YES_ERROR;
				CLANG_WARN_RANGE_LOOP_ANALYSIS = YES;
				CLANG_WARN_STRICT_PROTOTYPES = YES;
				CLANG_WARN_SUSPICIOUS_MOVE = YES;
				CLANG_WARN_UNGUARDED_AVAILABILITY = YES_AGGRESSIVE;
				CLANG_WARN_UNREACHABLE_CODE = YES;
				CLANG_WARN__DUPLICATE_METHOD_MATCH = YES;
				CODE_SIGN_IDENTITY = "iPhone Developer";
				COPY_PHASE_STRIP = NO;
				DEBUG_INFORMATION_FORMAT = dwarf;
				ENABLE_STRICT_OBJC_MSGSEND = YES;
				ENABLE_TESTABILITY = YES;
				GCC_C_LANGUAGE_STANDARD = gnu11;
				GCC_DYNAMIC_NO_PIC = NO;
				GCC_NO_COMMON_BLOCKS = YES;
				GCC_OPTIMIZATION_LEVEL = 0;
				GCC_PREPROCESSOR_DEFINITIONS = (
					"DEBUG=1",
					"$(inherited)",
				);
				GCC_WARN_64_TO_32_BIT_CONVERSION = YES;
				GCC_WARN_ABOUT_RETURN_TYPE = YES_ERROR;
				GCC_WARN_UNDECLARED_SELECTOR = YES;
				GCC_WARN_UNINITIALIZED_AUTOS = YES_AGGRESSIVE;
				GCC_WARN_UNUSED_FUNCTION = YES;
				GCC_WARN_UNUSED_VARIABLE = YES;
				IPHONEOS_DEPLOYMENT_TARGET = 11.2;
				MTL_ENABLE_DEBUG_INFO = YES;
				ONLY_ACTIVE_ARCH = YES;
				SDKROOT = iphoneos;
				SWIFT_ACTIVE_COMPILATION_CONDITIONS = DEBUG;
				SWIFT_OPTIMIZATION_LEVEL = "-Onone";
			};
			name = Debug;
		};
		90F57BA32029D0C200BCEB75 /* Release */ = {
			isa = XCBuildConfiguration;
			buildSettings = {
				ALWAYS_SEARCH_USER_PATHS = NO;
				CLANG_ANALYZER_LOCALIZABILITY_NONLOCALIZED = YES;
				CLANG_ANALYZER_NONNULL = YES;
				CLANG_ANALYZER_NUMBER_OBJECT_CONVERSION = YES_AGGRESSIVE;
				CLANG_CXX_LANGUAGE_STANDARD = "gnu++14";
				CLANG_CXX_LIBRARY = "libc++";
				CLANG_ENABLE_MODULES = YES;
				CLANG_ENABLE_OBJC_ARC = YES;
				CLANG_WARN_BLOCK_CAPTURE_AUTORELEASING = YES;
				CLANG_WARN_BOOL_CONVERSION = YES;
				CLANG_WARN_COMMA = YES;
				CLANG_WARN_CONSTANT_CONVERSION = YES;
				CLANG_WARN_DIRECT_OBJC_ISA_USAGE = YES_ERROR;
				CLANG_WARN_DOCUMENTATION_COMMENTS = YES;
				CLANG_WARN_EMPTY_BODY = YES;
				CLANG_WARN_ENUM_CONVERSION = YES;
				CLANG_WARN_INFINITE_RECURSION = YES;
				CLANG_WARN_INT_CONVERSION = YES;
				CLANG_WARN_NON_LITERAL_NULL_CONVERSION = YES;
				CLANG_WARN_OBJC_LITERAL_CONVERSION = YES;
				CLANG_WARN_OBJC_ROOT_CLASS = YES_ERROR;
				CLANG_WARN_RANGE_LOOP_ANALYSIS = YES;
				CLANG_WARN_STRICT_PROTOTYPES = YES;
				CLANG_WARN_SUSPICIOUS_MOVE = YES;
				CLANG_WARN_UNGUARDED_AVAILABILITY = YES_AGGRESSIVE;
				CLANG_WARN_UNREACHABLE_CODE = YES;
				CLANG_WARN__DUPLICATE_METHOD_MATCH = YES;
				CODE_SIGN_IDENTITY = "iPhone Distribution";
				COPY_PHASE_STRIP = NO;
				DEBUG_INFORMATION_FORMAT = "dwarf-with-dsym";
				ENABLE_NS_ASSERTIONS = NO;
				ENABLE_STRICT_OBJC_MSGSEND = YES;
				GCC_C_LANGUAGE_STANDARD = gnu11;
				GCC_NO_COMMON_BLOCKS = YES;
				GCC_WARN_64_TO_32_BIT_CONVERSION = YES;
				GCC_WARN_ABOUT_RETURN_TYPE = YES_ERROR;
				GCC_WARN_UNDECLARED_SELECTOR = YES;
				GCC_WARN_UNINITIALIZED_AUTOS = YES_AGGRESSIVE;
				GCC_WARN_UNUSED_FUNCTION = YES;
				GCC_WARN_UNUSED_VARIABLE = YES;
				IPHONEOS_DEPLOYMENT_TARGET = 11.2;
				MTL_ENABLE_DEBUG_INFO = NO;
				SDKROOT = iphoneos;
				SWIFT_OPTIMIZATION_LEVEL = "-Owholemodule";
				VALIDATE_PRODUCT = YES;
			};
			name = Release;
		};
		90F57BA52029D0C200BCEB75 /* Debug */ = {
			isa = XCBuildConfiguration;
			buildSettings = {
				ASSETCATALOG_COMPILER_APPICON_NAME = AppIcon;
				CLANG_ENABLE_MODULES = YES;
				CODE_SIGN_IDENTITY = "iPhone Developer";
				"CODE_SIGN_IDENTITY[sdk=iphoneos*]" = "iPhone Distribution";
				CODE_SIGN_STYLE = Manual;
				DEVELOPMENT_TEAM = 29MYCU3K34;
				INFOPLIST_FILE = "Taxi lön/Info.plist";
				IPHONEOS_DEPLOYMENT_TARGET = 11.2;
				LD_RUNPATH_SEARCH_PATHS = "$(inherited) @executable_path/Frameworks";
				PRODUCT_BUNDLE_IDENTIFIER = se.transport.taxilon;
				PRODUCT_NAME = "$(TARGET_NAME)";
				PROVISIONING_PROFILE = "de1f6f19-527a-4dba-8a72-9b614da96ac9";
				PROVISIONING_PROFILE_SPECIFIER = "TaxiLön";
				SWIFT_OBJC_BRIDGING_HEADER = "Taxi lön/Taxi lön-Bridging-Header.h";
				SWIFT_OPTIMIZATION_LEVEL = "-Onone";
				SWIFT_VERSION = 4.0;
				TARGETED_DEVICE_FAMILY = 1;
			};
			name = Debug;
		};
		90F57BA62029D0C200BCEB75 /* Release */ = {
			isa = XCBuildConfiguration;
			buildSettings = {
				ASSETCATALOG_COMPILER_APPICON_NAME = AppIcon;
				CLANG_ENABLE_MODULES = YES;
				CODE_SIGN_IDENTITY = "iPhone Distribution";
				"CODE_SIGN_IDENTITY[sdk=iphoneos*]" = "iPhone Distribution";
				CODE_SIGN_STYLE = Manual;
				DEVELOPMENT_TEAM = 29MYCU3K34;
				INFOPLIST_FILE = "Taxi lön/Info.plist";
				IPHONEOS_DEPLOYMENT_TARGET = 11.2;
				LD_RUNPATH_SEARCH_PATHS = "$(inherited) @executable_path/Frameworks";
				PRODUCT_BUNDLE_IDENTIFIER = se.transport.taxilon;
				PRODUCT_NAME = "$(TARGET_NAME)";
				PROVISIONING_PROFILE = "de1f6f19-527a-4dba-8a72-9b614da96ac9";
				PROVISIONING_PROFILE_SPECIFIER = "TaxiLön";
				SWIFT_OBJC_BRIDGING_HEADER = "Taxi lön/Taxi lön-Bridging-Header.h";
				SWIFT_VERSION = 4.0;
				TARGETED_DEVICE_FAMILY = 1;
			};
			name = Release;
		};
/* End XCBuildConfiguration section */

/* Begin XCConfigurationList section */
		90F57B8D2029D0C200BCEB75 /* Build configuration list for PBXProject "Taxi lön" */ = {
			isa = XCConfigurationList;
			buildConfigurations = (
				90F57BA22029D0C200BCEB75 /* Debug */,
				90F57BA32029D0C200BCEB75 /* Release */,
			);
			defaultConfigurationIsVisible = 0;
			defaultConfigurationName = Release;
		};
		90F57BA42029D0C200BCEB75 /* Build configuration list for PBXNativeTarget "Taxi lön" */ = {
			isa = XCConfigurationList;
			buildConfigurations = (
				90F57BA52029D0C200BCEB75 /* Debug */,
				90F57BA62029D0C200BCEB75 /* Release */,
			);
			defaultConfigurationIsVisible = 0;
			defaultConfigurationName = Release;
		};
/* End XCConfigurationList section */
	};
	rootObject = 90F57B8A2029D0C200BCEB75 /* Project object */;
}
